
Microsoft Visual Studio Solution File, Format Version 12.00
# Visual Studio Version 17
VisualStudioVersion = 17.9.34723.18
MinimumVisualStudioVersion = 10.0.40219.1
Project("{9A19103F-16F7-4668-BE54-9A1E7A4F7556}") = "Caiman.Editor", "Caiman.Editor\Caiman.Editor.csproj", "{424FEE0C-430F-4CA7-AC57-4E8D822323A3}"
EndProject
Project("{9A19103F-16F7-4668-BE54-9A1E7A4F7556}") = "Caiman.Console", "Caiman.Console\Caiman.Console.csproj", "{E4B374C5-86A7-48A5-9A7D-085AE8FAAA42}"
EndProject
Project("{9A19103F-16F7-4668-BE54-9A1E7A4F7556}") = "Caiman.Core", "Caiman.Core\Caiman.Core.csproj", "{8E5B7648-650D-426F-BD4B-39B8B176FA4B}"
EndProject
Project("{9A19103F-16F7-4668-BE54-9A1E7A4F7556}") = "Caiman.Storage", "Caiman.Storage\Caiman.Storage.csproj", "{CA513065-9A5D-4272-B848-04FCF1DC4FC4}"
EndProject
Project("{2150E333-8FDC-42A3-9474-1A3956D46DE8}") = "Solution Items", "Solution Items", "{738821A7-968B-4F0E-BC7D-F140851455B6}"
	ProjectSection(SolutionItems) = preProject
		.editorconfig = .editorconfig
	EndProjectSection
EndProject
Global
	GlobalSection(SolutionConfigurationPlatforms) = preSolution
		Debug|Any CPU = Debug|Any CPU
		Release|Any CPU = Release|Any CPU
	EndGlobalSection
	GlobalSection(ProjectConfigurationPlatforms) = postSolution
		{424FEE0C-430F-4CA7-AC57-4E8D822323A3}.Debug|Any CPU.ActiveCfg = Debug|Any CPU
		{424FEE0C-430F-4CA7-AC57-4E8D822323A3}.Debug|Any CPU.Build.0 = Debug|Any CPU
		{424FEE0C-430F-4CA7-AC57-4E8D822323A3}.Release|Any CPU.ActiveCfg = Release|Any CPU
		{424FEE0C-430F-4CA7-AC57-4E8D822323A3}.Release|Any CPU.Build.0 = Release|Any CPU
		{E4B374C5-86A7-48A5-9A7D-085AE8FAAA42}.Debug|Any CPU.ActiveCfg = Debug|Any CPU
		{E4B374C5-86A7-48A5-9A7D-085AE8FAAA42}.Debug|Any CPU.Build.0 = Debug|Any CPU
		{E4B374C5-86A7-48A5-9A7D-085AE8FAAA42}.Release|Any CPU.ActiveCfg = Release|Any CPU
		{E4B374C5-86A7-48A5-9A7D-085AE8FAAA42}.Release|Any CPU.Build.0 = Release|Any CPU
		{8E5B7648-650D-426F-BD4B-39B8B176FA4B}.Debug|Any CPU.ActiveCfg = Debug|Any CPU
		{8E5B7648-650D-426F-BD4B-39B8B176FA4B}.Debug|Any CPU.Build.0 = Debug|Any CPU
		{8E5B7648-650D-426F-BD4B-39B8B176FA4B}.Release|Any CPU.ActiveCfg = Release|Any CPU
		{8E5B7648-650D-426F-BD4B-39B8B176FA4B}.Release|Any CPU.Build.0 = Release|Any CPU
		{CA513065-9A5D-4272-B848-04FCF1DC4FC4}.Debug|Any CPU.ActiveCfg = Debug|Any CPU
		{CA513065-9A5D-4272-B848-04FCF1DC4FC4}.Debug|Any CPU.Build.0 = Debug|Any CPU
		{CA513065-9A5D-4272-B848-04FCF1DC4FC4}.Release|Any CPU.ActiveCfg = Release|Any CPU
		{CA513065-9A5D-4272-B848-04FCF1DC4FC4}.Release|Any CPU.Build.0 = Release|Any CPU
	EndGlobalSection
	GlobalSection(SolutionProperties) = preSolution
		HideSolutionNode = FALSE
	EndGlobalSection
EndGlobal
